
Microsoft Visual Studio Solution File, Format Version 12.00
# Visual Studio Version 16
VisualStudioVersion = 16.0.33214.272
MinimumVisualStudioVersion = 10.0.40219.1
Project("{FAE04EC0-301F-11D3-BF4B-00C04F79EFBC}") = "WindowsFormsApp1", "WindowsFormsApp1.csproj", "{9DB8CD8D-223B-4A05-9E0B-830B35478976}"
EndProject
Global
	GlobalSection(SolutionConfigurationPlatforms) = preSolution
		Debug|Any CPU = Debug|Any CPU
		Release|Any CPU = Release|Any CPU
	EndGlobalSection
	GlobalSection(ProjectConfigurationPlatforms) = postSolution
		{9DB8CD8D-223B-4A05-9E0B-830B35478976}.Debug|Any CPU.ActiveCfg = Debug|Any CPU
		{9DB8CD8D-223B-4A05-9E0B-830B35478976}.Debug|Any CPU.Build.0 = Debug|Any CPU
		{9DB8CD8D-223B-4A05-9E0B-830B35478976}.Release|Any CPU.ActiveCfg = Release|Any CPU
		{9DB8CD8D-223B-4A05-9E0B-830B35478976}.Release|Any CPU.Build.0 = Release|Any CPU
	EndGlobalSection
	GlobalSection(SolutionProperties) = preSolution
		HideSolutionNode = FALSE
	EndGlobalSection
	GlobalSection(ExtensibilityGlobals) = postSolution
		SolutionGuid = {D355CB1B-E6CB-491B-B587-4B37CA402E7E}
	EndGlobalSection
EndGlobal
